
Microsoft Visual Studio Solution File, Format Version 12.00
# Visual Studio Version 17
VisualStudioVersion = 17.6.33723.286
MinimumVisualStudioVersion = 10.0.40219.1
Project("{FAE04EC0-301F-11D3-BF4B-00C04F79EFBC}") = "Flappy Bird Game Project", "Flappy Bird Game Project\Flappy Bird Game Project.csproj", "{5445A0EC-83EB-4D06-BD35-2A8FE30FF986}"
EndProject
Global
	GlobalSection(SolutionConfigurationPlatforms) = preSolution
		Debug|Any CPU = Debug|Any CPU
		Release|Any CPU = Release|Any CPU
	EndGlobalSection
	GlobalSection(ProjectConfigurationPlatforms) = postSolution
		{5445A0EC-83EB-4D06-BD35-2A8FE30FF986}.Debug|Any CPU.ActiveCfg = Debug|Any CPU
		{5445A0EC-83EB-4D06-BD35-2A8FE30FF986}.Debug|Any CPU.Build.0 = Debug|Any CPU
		{5445A0EC-83EB-4D06-BD35-2A8FE30FF986}.Release|Any CPU.ActiveCfg = Release|Any CPU
		{5445A0EC-83EB-4D06-BD35-2A8FE30FF986}.Release|Any CPU.Build.0 = Release|Any CPU
	EndGlobalSection
	GlobalSection(SolutionProperties) = preSolution
		HideSolutionNode = FALSE
	EndGlobalSection
	GlobalSection(ExtensibilityGlobals) = postSolution
		SolutionGuid = {AD4785EF-7461-417F-8FB3-BAD8E84872D1}
	EndGlobalSection
EndGlobal
